// !$*UTF8*$!
{
	archiveVersion = 1;
	classes = {
	};
	objectVersion = 56;
	objects = {

/* Begin PBXBuildFile section */
		367C27F6299B5C6D003E81F2 /* ChatAppDemoApp.swift in Sources */ = {isa = PBXBuildFile; fileRef = 367C27F5299B5C6D003E81F2 /* ChatAppDemoApp.swift */; };
		367C27FA299B5C6E003E81F2 /* Assets.xcassets in Resources */ = {isa = PBXBuildFile; fileRef = 367C27F9299B5C6E003E81F2 /* Assets.xcassets */; };
		367C27FD299B5C6E003E81F2 /* Preview Assets.xcassets in Resources */ = {isa = PBXBuildFile; fileRef = 367C27FC299B5C6E003E81F2 /* Preview Assets.xcassets */; };
		367C2807299B5C6E003E81F2 /* ChatAppDemoTests.swift in Sources */ = {isa = PBXBuildFile; fileRef = 367C2806299B5C6E003E81F2 /* ChatAppDemoTests.swift */; };
		367C2811299B5C6E003E81F2 /* ChatAppDemoUITests.swift in Sources */ = {isa = PBXBuildFile; fileRef = 367C2810299B5C6E003E81F2 /* ChatAppDemoUITests.swift */; };
		367C2813299B5C6E003E81F2 /* ChatAppDemoUITestsLaunchTests.swift in Sources */ = {isa = PBXBuildFile; fileRef = 367C2812299B5C6E003E81F2 /* ChatAppDemoUITestsLaunchTests.swift */; };
		367C2821299B660B003E81F2 /* SendbirdChatSDK in Frameworks */ = {isa = PBXBuildFile; productRef = 367C2820299B660B003E81F2 /* SendbirdChatSDK */; };
		3695A5A5299B818600D8AC84 /* Kingfisher in Frameworks */ = {isa = PBXBuildFile; productRef = 3695A5A4299B818600D8AC84 /* Kingfisher */; };
		3695A5D1299BC5F900D8AC84 /* ChannelListView.swift in Sources */ = {isa = PBXBuildFile; fileRef = 3695A5D0299BC5F900D8AC84 /* ChannelListView.swift */; };
		3695A5D3299BCA5900D8AC84 /* ChannelView.swift in Sources */ = {isa = PBXBuildFile; fileRef = 3695A5D2299BCA5900D8AC84 /* ChannelView.swift */; };
		3695A5D6299BEB6500D8AC84 /* ChannelListViewModel.swift in Sources */ = {isa = PBXBuildFile; fileRef = 3695A5D5299BEB6500D8AC84 /* ChannelListViewModel.swift */; };
		3695A5D8299BEBA500D8AC84 /* ChannelListModel.swift in Sources */ = {isa = PBXBuildFile; fileRef = 3695A5D7299BEBA500D8AC84 /* ChannelListModel.swift */; };
		3695A5DF299BF57300D8AC84 /* ChatView.swift in Sources */ = {isa = PBXBuildFile; fileRef = 3695A5DC299BF57300D8AC84 /* ChatView.swift */; };
		3695A5E0299BF57300D8AC84 /* ContentMessageView.swift in Sources */ = {isa = PBXBuildFile; fileRef = 3695A5DD299BF57300D8AC84 /* ContentMessageView.swift */; };
		3695A5E1299BF57300D8AC84 /* MessageView.swift in Sources */ = {isa = PBXBuildFile; fileRef = 3695A5DE299BF57300D8AC84 /* MessageView.swift */; };
		3695A5E4299BF58E00D8AC84 /* User.swift in Sources */ = {isa = PBXBuildFile; fileRef = 3695A5E2299BF58E00D8AC84 /* User.swift */; };
		3695A5E5299BF58E00D8AC84 /* Message.swift in Sources */ = {isa = PBXBuildFile; fileRef = 3695A5E3299BF58E00D8AC84 /* Message.swift */; };
		3695A5EC299BF5CD00D8AC84 /* KeyboardResponder.swift in Sources */ = {isa = PBXBuildFile; fileRef = 3695A5E8299BF5CD00D8AC84 /* KeyboardResponder.swift */; };
		3695A5ED299BF5CD00D8AC84 /* ViewExtension.swift in Sources */ = {isa = PBXBuildFile; fileRef = 3695A5E9299BF5CD00D8AC84 /* ViewExtension.swift */; };
		3695A5EF299CD68F00D8AC84 /* LoginView.swift in Sources */ = {isa = PBXBuildFile; fileRef = 3695A5EE299CD68F00D8AC84 /* LoginView.swift */; };
		3695A5F6299D433300D8AC84 /* UserDefault.swift in Sources */ = {isa = PBXBuildFile; fileRef = 3695A5F5299D431600D8AC84 /* UserDefault.swift */; };
		3695A5FE299D46C800D8AC84 /* OpenChannelUserMessageUseCase.swift in Sources */ = {isa = PBXBuildFile; fileRef = 3695A5F9299D46C800D8AC84 /* OpenChannelUserMessageUseCase.swift */; };
		3695A5FF299D46C800D8AC84 /* LoginUseCase.swift in Sources */ = {isa = PBXBuildFile; fileRef = 3695A5FA299D46C800D8AC84 /* LoginUseCase.swift */; };
		3695A604299D490500D8AC84 /* ChatViewViewModel.swift in Sources */ = {isa = PBXBuildFile; fileRef = 3695A603299D490500D8AC84 /* ChatViewViewModel.swift */; };
		3695A60A299D49C500D8AC84 /* LoginViewModel.swift in Sources */ = {isa = PBXBuildFile; fileRef = 3695A609299D49C500D8AC84 /* LoginViewModel.swift */; };
		3695A612299D4EED00D8AC84 /* ActivityIndicator.swift in Sources */ = {isa = PBXBuildFile; fileRef = 3695A611299D4EED00D8AC84 /* ActivityIndicator.swift */; };
		3695A614299D5E0600D8AC84 /* ChannelListUseCase.swift in Sources */ = {isa = PBXBuildFile; fileRef = 3695A613299D5E0600D8AC84 /* ChannelListUseCase.swift */; };
		3695A616299D6BAD00D8AC84 /* ChatUseCase.swift in Sources */ = {isa = PBXBuildFile; fileRef = 3695A615299D6BAD00D8AC84 /* ChatUseCase.swift */; };
		3695A618299E406800D8AC84 /* LoginViewModelTests.swift in Sources */ = {isa = PBXBuildFile; fileRef = 3695A617299E406800D8AC84 /* LoginViewModelTests.swift */; };
		3695A61A299E409000D8AC84 /* MockLoginUseCase.swift in Sources */ = {isa = PBXBuildFile; fileRef = 3695A619299E409000D8AC84 /* MockLoginUseCase.swift */; };
/* End PBXBuildFile section */

/* Begin PBXContainerItemProxy section */
		367C2803299B5C6E003E81F2 /* PBXContainerItemProxy */ = {
			isa = PBXContainerItemProxy;
			containerPortal = 367C27EA299B5C6D003E81F2 /* Project object */;
			proxyType = 1;
			remoteGlobalIDString = 367C27F1299B5C6D003E81F2;
			remoteInfo = ChatAppDemo;
		};
		367C280D299B5C6E003E81F2 /* PBXContainerItemProxy */ = {
			isa = PBXContainerItemProxy;
			containerPortal = 367C27EA299B5C6D003E81F2 /* Project object */;
			proxyType = 1;
			remoteGlobalIDString = 367C27F1299B5C6D003E81F2;
			remoteInfo = ChatAppDemo;
		};
/* End PBXContainerItemProxy section */

/* Begin PBXCopyFilesBuildPhase section */
		367C2845299B77BE003E81F2 /* Embed Frameworks */ = {
			isa = PBXCopyFilesBuildPhase;
			buildActionMask = 2147483647;
			dstPath = "";
			dstSubfolderSpec = 10;
			files = (
			);
			name = "Embed Frameworks";
			runOnlyForDeploymentPostprocessing = 0;
		};
/* End PBXCopyFilesBuildPhase section */

/* Begin PBXFileReference section */
		367C27F2299B5C6D003E81F2 /* ChatAppDemo.app */ = {isa = PBXFileReference; explicitFileType = wrapper.application; includeInIndex = 0; path = ChatAppDemo.app; sourceTree = BUILT_PRODUCTS_DIR; };
		367C27F5299B5C6D003E81F2 /* ChatAppDemoApp.swift */ = {isa = PBXFileReference; lastKnownFileType = sourcecode.swift; path = ChatAppDemoApp.swift; sourceTree = "<group>"; };
		367C27F9299B5C6E003E81F2 /* Assets.xcassets */ = {isa = PBXFileReference; lastKnownFileType = folder.assetcatalog; path = Assets.xcassets; sourceTree = "<group>"; };
		367C27FC299B5C6E003E81F2 /* Preview Assets.xcassets */ = {isa = PBXFileReference; lastKnownFileType = folder.assetcatalog; path = "Preview Assets.xcassets"; sourceTree = "<group>"; };
		367C2802299B5C6E003E81F2 /* ChatAppDemoTests.xctest */ = {isa = PBXFileReference; explicitFileType = wrapper.cfbundle; includeInIndex = 0; path = ChatAppDemoTests.xctest; sourceTree = BUILT_PRODUCTS_DIR; };
		367C2806299B5C6E003E81F2 /* ChatAppDemoTests.swift */ = {isa = PBXFileReference; lastKnownFileType = sourcecode.swift; path = ChatAppDemoTests.swift; sourceTree = "<group>"; };
		367C280C299B5C6E003E81F2 /* ChatAppDemoUITests.xctest */ = {isa = PBXFileReference; explicitFileType = wrapper.cfbundle; includeInIndex = 0; path = ChatAppDemoUITests.xctest; sourceTree = BUILT_PRODUCTS_DIR; };
		367C2810299B5C6E003E81F2 /* ChatAppDemoUITests.swift */ = {isa = PBXFileReference; lastKnownFileType = sourcecode.swift; path = ChatAppDemoUITests.swift; sourceTree = "<group>"; };
		367C2812299B5C6E003E81F2 /* ChatAppDemoUITestsLaunchTests.swift */ = {isa = PBXFileReference; lastKnownFileType = sourcecode.swift; path = ChatAppDemoUITestsLaunchTests.swift; sourceTree = "<group>"; };
		3695A5D0299BC5F900D8AC84 /* ChannelListView.swift */ = {isa = PBXFileReference; lastKnownFileType = sourcecode.swift; path = ChannelListView.swift; sourceTree = "<group>"; };
		3695A5D2299BCA5900D8AC84 /* ChannelView.swift */ = {isa = PBXFileReference; lastKnownFileType = sourcecode.swift; path = ChannelView.swift; sourceTree = "<group>"; };
		3695A5D5299BEB6500D8AC84 /* ChannelListViewModel.swift */ = {isa = PBXFileReference; lastKnownFileType = sourcecode.swift; path = ChannelListViewModel.swift; sourceTree = "<group>"; };
		3695A5D7299BEBA500D8AC84 /* ChannelListModel.swift */ = {isa = PBXFileReference; lastKnownFileType = sourcecode.swift; path = ChannelListModel.swift; sourceTree = "<group>"; };
		3695A5DC299BF57300D8AC84 /* ChatView.swift */ = {isa = PBXFileReference; fileEncoding = 4; lastKnownFileType = sourcecode.swift; path = ChatView.swift; sourceTree = "<group>"; };
		3695A5DD299BF57300D8AC84 /* ContentMessageView.swift */ = {isa = PBXFileReference; fileEncoding = 4; lastKnownFileType = sourcecode.swift; path = ContentMessageView.swift; sourceTree = "<group>"; };
		3695A5DE299BF57300D8AC84 /* MessageView.swift */ = {isa = PBXFileReference; fileEncoding = 4; lastKnownFileType = sourcecode.swift; path = MessageView.swift; sourceTree = "<group>"; };
		3695A5E2299BF58E00D8AC84 /* User.swift */ = {isa = PBXFileReference; fileEncoding = 4; lastKnownFileType = sourcecode.swift; path = User.swift; sourceTree = "<group>"; };
		3695A5E3299BF58E00D8AC84 /* Message.swift */ = {isa = PBXFileReference; fileEncoding = 4; lastKnownFileType = sourcecode.swift; path = Message.swift; sourceTree = "<group>"; };
		3695A5E8299BF5CD00D8AC84 /* KeyboardResponder.swift */ = {isa = PBXFileReference; lastKnownFileType = sourcecode.swift; path = KeyboardResponder.swift; sourceTree = "<group>"; };
		3695A5E9299BF5CD00D8AC84 /* ViewExtension.swift */ = {isa = PBXFileReference; lastKnownFileType = sourcecode.swift; path = ViewExtension.swift; sourceTree = "<group>"; };
		3695A5EE299CD68F00D8AC84 /* LoginView.swift */ = {isa = PBXFileReference; lastKnownFileType = sourcecode.swift; path = LoginView.swift; sourceTree = "<group>"; };
		3695A5F5299D431600D8AC84 /* UserDefault.swift */ = {isa = PBXFileReference; lastKnownFileType = sourcecode.swift; path = UserDefault.swift; sourceTree = "<group>"; };
		3695A5F9299D46C800D8AC84 /* OpenChannelUserMessageUseCase.swift */ = {isa = PBXFileReference; fileEncoding = 4; lastKnownFileType = sourcecode.swift; path = OpenChannelUserMessageUseCase.swift; sourceTree = "<group>"; };
		3695A5FA299D46C800D8AC84 /* LoginUseCase.swift */ = {isa = PBXFileReference; fileEncoding = 4; lastKnownFileType = sourcecode.swift; path = LoginUseCase.swift; sourceTree = "<group>"; };
		3695A603299D490500D8AC84 /* ChatViewViewModel.swift */ = {isa = PBXFileReference; lastKnownFileType = sourcecode.swift; path = ChatViewViewModel.swift; sourceTree = "<group>"; };
		3695A609299D49C500D8AC84 /* LoginViewModel.swift */ = {isa = PBXFileReference; lastKnownFileType = sourcecode.swift; path = LoginViewModel.swift; sourceTree = "<group>"; };
		3695A611299D4EED00D8AC84 /* ActivityIndicator.swift */ = {isa = PBXFileReference; lastKnownFileType = sourcecode.swift; path = ActivityIndicator.swift; sourceTree = "<group>"; };
		3695A613299D5E0600D8AC84 /* ChannelListUseCase.swift */ = {isa = PBXFileReference; lastKnownFileType = sourcecode.swift; path = ChannelListUseCase.swift; sourceTree = "<group>"; };
		3695A615299D6BAD00D8AC84 /* ChatUseCase.swift */ = {isa = PBXFileReference; lastKnownFileType = sourcecode.swift; path = ChatUseCase.swift; sourceTree = "<group>"; };
		3695A617299E406800D8AC84 /* LoginViewModelTests.swift */ = {isa = PBXFileReference; lastKnownFileType = sourcecode.swift; path = LoginViewModelTests.swift; sourceTree = "<group>"; };
		3695A619299E409000D8AC84 /* MockLoginUseCase.swift */ = {isa = PBXFileReference; lastKnownFileType = sourcecode.swift; path = MockLoginUseCase.swift; sourceTree = "<group>"; };
/* End PBXFileReference section */

/* Begin PBXFrameworksBuildPhase section */
		367C27EF299B5C6D003E81F2 /* Frameworks */ = {
			isa = PBXFrameworksBuildPhase;
			buildActionMask = 2147483647;
			files = (
				3695A5A5299B818600D8AC84 /* Kingfisher in Frameworks */,
				367C2821299B660B003E81F2 /* SendbirdChatSDK in Frameworks */,
			);
			runOnlyForDeploymentPostprocessing = 0;
		};
		367C27FF299B5C6E003E81F2 /* Frameworks */ = {
			isa = PBXFrameworksBuildPhase;
			buildActionMask = 2147483647;
			files = (
			);
			runOnlyForDeploymentPostprocessing = 0;
		};
		367C2809299B5C6E003E81F2 /* Frameworks */ = {
			isa = PBXFrameworksBuildPhase;
			buildActionMask = 2147483647;
			files = (
			);
			runOnlyForDeploymentPostprocessing = 0;
		};
/* End PBXFrameworksBuildPhase section */

/* Begin PBXGroup section */
		367C27E9299B5C6D003E81F2 = {
			isa = PBXGroup;
			children = (
				367C27F4299B5C6D003E81F2 /* ChatAppDemo */,
				367C2805299B5C6E003E81F2 /* ChatAppDemoTests */,
				367C280F299B5C6E003E81F2 /* ChatAppDemoUITests */,
				367C27F3299B5C6D003E81F2 /* Products */,
			);
			sourceTree = "<group>";
		};
		367C27F3299B5C6D003E81F2 /* Products */ = {
			isa = PBXGroup;
			children = (
				367C27F2299B5C6D003E81F2 /* ChatAppDemo.app */,
				367C2802299B5C6E003E81F2 /* ChatAppDemoTests.xctest */,
				367C280C299B5C6E003E81F2 /* ChatAppDemoUITests.xctest */,
			);
			name = Products;
			sourceTree = "<group>";
		};
		367C27F4299B5C6D003E81F2 /* ChatAppDemo */ = {
			isa = PBXGroup;
			children = (
				3695A5F8299D466600D8AC84 /* Chat */,
				3695A5F7299D465900D8AC84 /* Login */,
				3695A5F4299D431000D8AC84 /* Utils */,
				3695A5CF299BC56300D8AC84 /* ChannelList */,
				367C27F5299B5C6D003E81F2 /* ChatAppDemoApp.swift */,
				367C27F9299B5C6E003E81F2 /* Assets.xcassets */,
				367C27FB299B5C6E003E81F2 /* Preview Content */,
			);
			path = ChatAppDemo;
			sourceTree = "<group>";
		};
		367C27FB299B5C6E003E81F2 /* Preview Content */ = {
			isa = PBXGroup;
			children = (
				367C27FC299B5C6E003E81F2 /* Preview Assets.xcassets */,
			);
			path = "Preview Content";
			sourceTree = "<group>";
		};
		367C2805299B5C6E003E81F2 /* ChatAppDemoTests */ = {
			isa = PBXGroup;
			children = (
				367C2806299B5C6E003E81F2 /* ChatAppDemoTests.swift */,
				3695A617299E406800D8AC84 /* LoginViewModelTests.swift */,
				3695A619299E409000D8AC84 /* MockLoginUseCase.swift */,
			);
			path = ChatAppDemoTests;
			sourceTree = "<group>";
		};
		367C280F299B5C6E003E81F2 /* ChatAppDemoUITests */ = {
			isa = PBXGroup;
			children = (
				367C2810299B5C6E003E81F2 /* ChatAppDemoUITests.swift */,
				367C2812299B5C6E003E81F2 /* ChatAppDemoUITestsLaunchTests.swift */,
			);
			path = ChatAppDemoUITests;
			sourceTree = "<group>";
		};
		3695A5CF299BC56300D8AC84 /* ChannelList */ = {
			isa = PBXGroup;
			children = (
				3695A5D9299BEC7000D8AC84 /* UseCase */,
				3695A5D4299BEB4500D8AC84 /* ViewModel */,
				3695A60F299D4AD500D8AC84 /* View */,
				3695A610299D4ADE00D8AC84 /* Model */,
			);
			path = ChannelList;
			sourceTree = "<group>";
		};
		3695A5D4299BEB4500D8AC84 /* ViewModel */ = {
			isa = PBXGroup;
			children = (
				3695A5D5299BEB6500D8AC84 /* ChannelListViewModel.swift */,
			);
			path = ViewModel;
			sourceTree = "<group>";
		};
		3695A5D9299BEC7000D8AC84 /* UseCase */ = {
			isa = PBXGroup;
			children = (
				3695A613299D5E0600D8AC84 /* ChannelListUseCase.swift */,
			);
			path = UseCase;
			sourceTree = "<group>";
		};
		3695A5F4299D431000D8AC84 /* Utils */ = {
			isa = PBXGroup;
			children = (
				3695A5F5299D431600D8AC84 /* UserDefault.swift */,
				3695A611299D4EED00D8AC84 /* ActivityIndicator.swift */,
				3695A5E8299BF5CD00D8AC84 /* KeyboardResponder.swift */,
				3695A5E9299BF5CD00D8AC84 /* ViewExtension.swift */,
			);
			path = Utils;
			sourceTree = "<group>";
		};
		3695A5F7299D465900D8AC84 /* Login */ = {
			isa = PBXGroup;
			children = (
				3695A60B299D4AAA00D8AC84 /* View */,
				3695A60C299D4AB100D8AC84 /* Model */,
				3695A60D299D4AB900D8AC84 /* ViewModel */,
				3695A60E299D4AC300D8AC84 /* Usecase */,
			);
			path = Login;
			sourceTree = "<group>";
		};
		3695A5F8299D466600D8AC84 /* Chat */ = {
			isa = PBXGroup;
			children = (
				3695A607299D498800D8AC84 /* View */,
				3695A606299D497000D8AC84 /* ViewModel */,
				3695A605299D495600D8AC84 /* Model */,
				3695A608299D49A900D8AC84 /* UseCases */,
			);
			path = Chat;
			sourceTree = "<group>";
		};
		3695A605299D495600D8AC84 /* Model */ = {
			isa = PBXGroup;
			children = (
				3695A5E3299BF58E00D8AC84 /* Message.swift */,
			);
			path = Model;
			sourceTree = "<group>";
		};
		3695A606299D497000D8AC84 /* ViewModel */ = {
			isa = PBXGroup;
			children = (
				3695A603299D490500D8AC84 /* ChatViewViewModel.swift */,
			);
			path = ViewModel;
			sourceTree = "<group>";
		};
		3695A607299D498800D8AC84 /* View */ = {
			isa = PBXGroup;
			children = (
				3695A5DD299BF57300D8AC84 /* ContentMessageView.swift */,
				3695A5DC299BF57300D8AC84 /* ChatView.swift */,
				3695A5DE299BF57300D8AC84 /* MessageView.swift */,
			);
			path = View;
			sourceTree = "<group>";
		};
		3695A608299D49A900D8AC84 /* UseCases */ = {
			isa = PBXGroup;
			children = (
				3695A5F9299D46C800D8AC84 /* OpenChannelUserMessageUseCase.swift */,
				3695A615299D6BAD00D8AC84 /* ChatUseCase.swift */,
			);
			path = UseCases;
			sourceTree = "<group>";
		};
		3695A60B299D4AAA00D8AC84 /* View */ = {
			isa = PBXGroup;
			children = (
				3695A5EE299CD68F00D8AC84 /* LoginView.swift */,
			);
			path = View;
			sourceTree = "<group>";
		};
		3695A60C299D4AB100D8AC84 /* Model */ = {
			isa = PBXGroup;
			children = (
				3695A5E2299BF58E00D8AC84 /* User.swift */,
			);
			path = Model;
			sourceTree = "<group>";
		};
		3695A60D299D4AB900D8AC84 /* ViewModel */ = {
			isa = PBXGroup;
			children = (
				3695A609299D49C500D8AC84 /* LoginViewModel.swift */,
			);
			path = ViewModel;
			sourceTree = "<group>";
		};
		3695A60E299D4AC300D8AC84 /* Usecase */ = {
			isa = PBXGroup;
			children = (
				3695A5FA299D46C800D8AC84 /* LoginUseCase.swift */,
			);
			path = Usecase;
			sourceTree = "<group>";
		};
		3695A60F299D4AD500D8AC84 /* View */ = {
			isa = PBXGroup;
			children = (
				3695A5D0299BC5F900D8AC84 /* ChannelListView.swift */,
				3695A5D2299BCA5900D8AC84 /* ChannelView.swift */,
			);
			path = View;
			sourceTree = "<group>";
		};
		3695A610299D4ADE00D8AC84 /* Model */ = {
			isa = PBXGroup;
			children = (
				3695A5D7299BEBA500D8AC84 /* ChannelListModel.swift */,
			);
			path = Model;
			sourceTree = "<group>";
		};
/* End PBXGroup section */

/* Begin PBXNativeTarget section */
		367C27F1299B5C6D003E81F2 /* ChatAppDemo */ = {
			isa = PBXNativeTarget;
			buildConfigurationList = 367C2816299B5C6E003E81F2 /* Build configuration list for PBXNativeTarget "ChatAppDemo" */;
			buildPhases = (
				367C27EE299B5C6D003E81F2 /* Sources */,
				367C27EF299B5C6D003E81F2 /* Frameworks */,
				367C27F0299B5C6D003E81F2 /* Resources */,
				367C2845299B77BE003E81F2 /* Embed Frameworks */,
			);
			buildRules = (
			);
			dependencies = (
			);
			name = ChatAppDemo;
			packageProductDependencies = (
				367C2820299B660B003E81F2 /* SendbirdChatSDK */,
				3695A5A4299B818600D8AC84 /* Kingfisher */,
			);
			productName = ChatAppDemo;
			productReference = 367C27F2299B5C6D003E81F2 /* ChatAppDemo.app */;
			productType = "com.apple.product-type.application";
		};
		367C2801299B5C6E003E81F2 /* ChatAppDemoTests */ = {
			isa = PBXNativeTarget;
			buildConfigurationList = 367C2819299B5C6E003E81F2 /* Build configuration list for PBXNativeTarget "ChatAppDemoTests" */;
			buildPhases = (
				367C27FE299B5C6E003E81F2 /* Sources */,
				367C27FF299B5C6E003E81F2 /* Frameworks */,
				367C2800299B5C6E003E81F2 /* Resources */,
			);
			buildRules = (
			);
			dependencies = (
				367C2804299B5C6E003E81F2 /* PBXTargetDependency */,
			);
			name = ChatAppDemoTests;
			productName = ChatAppDemoTests;
			productReference = 367C2802299B5C6E003E81F2 /* ChatAppDemoTests.xctest */;
			productType = "com.apple.product-type.bundle.unit-test";
		};
		367C280B299B5C6E003E81F2 /* ChatAppDemoUITests */ = {
			isa = PBXNativeTarget;
			buildConfigurationList = 367C281C299B5C6E003E81F2 /* Build configuration list for PBXNativeTarget "ChatAppDemoUITests" */;
			buildPhases = (
				367C2808299B5C6E003E81F2 /* Sources */,
				367C2809299B5C6E003E81F2 /* Frameworks */,
				367C280A299B5C6E003E81F2 /* Resources */,
			);
			buildRules = (
			);
			dependencies = (
				367C280E299B5C6E003E81F2 /* PBXTargetDependency */,
			);
			name = ChatAppDemoUITests;
			productName = ChatAppDemoUITests;
			productReference = 367C280C299B5C6E003E81F2 /* ChatAppDemoUITests.xctest */;
			productType = "com.apple.product-type.bundle.ui-testing";
		};
/* End PBXNativeTarget section */

/* Begin PBXProject section */
		367C27EA299B5C6D003E81F2 /* Project object */ = {
			isa = PBXProject;
			attributes = {
				BuildIndependentTargetsInParallel = 1;
				LastSwiftUpdateCheck = 1410;
				LastUpgradeCheck = 1410;
				TargetAttributes = {
					367C27F1299B5C6D003E81F2 = {
						CreatedOnToolsVersion = 14.1;
					};
					367C2801299B5C6E003E81F2 = {
						CreatedOnToolsVersion = 14.1;
						TestTargetID = 367C27F1299B5C6D003E81F2;
					};
					367C280B299B5C6E003E81F2 = {
						CreatedOnToolsVersion = 14.1;
						TestTargetID = 367C27F1299B5C6D003E81F2;
					};
				};
			};
			buildConfigurationList = 367C27ED299B5C6D003E81F2 /* Build configuration list for PBXProject "ChatAppDemo" */;
			compatibilityVersion = "Xcode 14.0";
			developmentRegion = en;
			hasScannedForEncodings = 0;
			knownRegions = (
				en,
				Base,
			);
			mainGroup = 367C27E9299B5C6D003E81F2;
			packageReferences = (
				367C281F299B660B003E81F2 /* XCRemoteSwiftPackageReference "sendbird-chat-sdk-ios" */,
				3695A5A3299B818600D8AC84 /* XCRemoteSwiftPackageReference "Kingfisher" */,
			);
			productRefGroup = 367C27F3299B5C6D003E81F2 /* Products */;
			projectDirPath = "";
			projectRoot = "";
			targets = (
				367C27F1299B5C6D003E81F2 /* ChatAppDemo */,
				367C2801299B5C6E003E81F2 /* ChatAppDemoTests */,
				367C280B299B5C6E003E81F2 /* ChatAppDemoUITests */,
			);
		};
/* End PBXProject section */

/* Begin PBXResourcesBuildPhase section */
		367C27F0299B5C6D003E81F2 /* Resources */ = {
			isa = PBXResourcesBuildPhase;
			buildActionMask = 2147483647;
			files = (
				367C27FD299B5C6E003E81F2 /* Preview Assets.xcassets in Resources */,
				367C27FA299B5C6E003E81F2 /* Assets.xcassets in Resources */,
			);
			runOnlyForDeploymentPostprocessing = 0;
		};
		367C2800299B5C6E003E81F2 /* Resources */ = {
			isa = PBXResourcesBuildPhase;
			buildActionMask = 2147483647;
			files = (
			);
			runOnlyForDeploymentPostprocessing = 0;
		};
		367C280A299B5C6E003E81F2 /* Resources */ = {
			isa = PBXResourcesBuildPhase;
			buildActionMask = 2147483647;
			files = (
			);
			runOnlyForDeploymentPostprocessing = 0;
		};
/* End PBXResourcesBuildPhase section */

/* Begin PBXSourcesBuildPhase section */
		367C27EE299B5C6D003E81F2 /* Sources */ = {
			isa = PBXSourcesBuildPhase;
			buildActionMask = 2147483647;
			files = (
				3695A5DF299BF57300D8AC84 /* ChatView.swift in Sources */,
				3695A604299D490500D8AC84 /* ChatViewViewModel.swift in Sources */,
				3695A5E4299BF58E00D8AC84 /* User.swift in Sources */,
				3695A5FE299D46C800D8AC84 /* OpenChannelUserMessageUseCase.swift in Sources */,
				3695A616299D6BAD00D8AC84 /* ChatUseCase.swift in Sources */,
				3695A5D3299BCA5900D8AC84 /* ChannelView.swift in Sources */,
				3695A5FF299D46C800D8AC84 /* LoginUseCase.swift in Sources */,
				3695A5ED299BF5CD00D8AC84 /* ViewExtension.swift in Sources */,
				3695A5E1299BF57300D8AC84 /* MessageView.swift in Sources */,
				3695A5D6299BEB6500D8AC84 /* ChannelListViewModel.swift in Sources */,
				3695A5E0299BF57300D8AC84 /* ContentMessageView.swift in Sources */,
				3695A5F6299D433300D8AC84 /* UserDefault.swift in Sources */,
				3695A5EC299BF5CD00D8AC84 /* KeyboardResponder.swift in Sources */,
				3695A614299D5E0600D8AC84 /* ChannelListUseCase.swift in Sources */,
				367C27F6299B5C6D003E81F2 /* ChatAppDemoApp.swift in Sources */,
				3695A612299D4EED00D8AC84 /* ActivityIndicator.swift in Sources */,
				3695A5EF299CD68F00D8AC84 /* LoginView.swift in Sources */,
				3695A5E5299BF58E00D8AC84 /* Message.swift in Sources */,
				3695A5D8299BEBA500D8AC84 /* ChannelListModel.swift in Sources */,
				3695A5D1299BC5F900D8AC84 /* ChannelListView.swift in Sources */,
				3695A60A299D49C500D8AC84 /* LoginViewModel.swift in Sources */,
			);
			runOnlyForDeploymentPostprocessing = 0;
		};
		367C27FE299B5C6E003E81F2 /* Sources */ = {
			isa = PBXSourcesBuildPhase;
			buildActionMask = 2147483647;
			files = (
				3695A618299E406800D8AC84 /* LoginViewModelTests.swift in Sources */,
				3695A61A299E409000D8AC84 /* MockLoginUseCase.swift in Sources */,
				367C2807299B5C6E003E81F2 /* ChatAppDemoTests.swift in Sources */,
			);
			runOnlyForDeploymentPostprocessing = 0;
		};
		367C2808299B5C6E003E81F2 /* Sources */ = {
			isa = PBXSourcesBuildPhase;
			buildActionMask = 2147483647;
			files = (
				367C2811299B5C6E003E81F2 /* ChatAppDemoUITests.swift in Sources */,
				367C2813299B5C6E003E81F2 /* ChatAppDemoUITestsLaunchTests.swift in Sources */,
			);
			runOnlyForDeploymentPostprocessing = 0;
		};
/* End PBXSourcesBuildPhase section */

/* Begin PBXTargetDependency section */
		367C2804299B5C6E003E81F2 /* PBXTargetDependency */ = {
			isa = PBXTargetDependency;
			target = 367C27F1299B5C6D003E81F2 /* ChatAppDemo */;
			targetProxy = 367C2803299B5C6E003E81F2 /* PBXContainerItemProxy */;
		};
		367C280E299B5C6E003E81F2 /* PBXTargetDependency */ = {
			isa = PBXTargetDependency;
			target = 367C27F1299B5C6D003E81F2 /* ChatAppDemo */;
			targetProxy = 367C280D299B5C6E003E81F2 /* PBXContainerItemProxy */;
		};
/* End PBXTargetDependency section */

/* Begin XCBuildConfiguration section */
		367C2814299B5C6E003E81F2 /* Debug */ = {
			isa = XCBuildConfiguration;
			buildSettings = {
				ALWAYS_SEARCH_USER_PATHS = NO;
				CLANG_ANALYZER_NONNULL = YES;
				CLANG_ANALYZER_NUMBER_OBJECT_CONVERSION = YES_AGGRESSIVE;
				CLANG_CXX_LANGUAGE_STANDARD = "gnu++20";
				CLANG_ENABLE_MODULES = YES;
				CLANG_ENABLE_OBJC_ARC = YES;
				CLANG_ENABLE_OBJC_WEAK = YES;
				CLANG_WARN_BLOCK_CAPTURE_AUTORELEASING = YES;
				CLANG_WARN_BOOL_CONVERSION = YES;
				CLANG_WARN_COMMA = YES;
				CLANG_WARN_CONSTANT_CONVERSION = YES;
				CLANG_WARN_DEPRECATED_OBJC_IMPLEMENTATIONS = YES;
				CLANG_WARN_DIRECT_OBJC_ISA_USAGE = YES_ERROR;
				CLANG_WARN_DOCUMENTATION_COMMENTS = YES;
				CLANG_WARN_EMPTY_BODY = YES;
				CLANG_WARN_ENUM_CONVERSION = YES;
				CLANG_WARN_INFINITE_RECURSION = YES;
				CLANG_WARN_INT_CONVERSION = YES;
				CLANG_WARN_NON_LITERAL_NULL_CONVERSION = YES;
				CLANG_WARN_OBJC_IMPLICIT_RETAIN_SELF = YES;
				CLANG_WARN_OBJC_LITERAL_CONVERSION = YES;
				CLANG_WARN_OBJC_ROOT_CLASS = YES_ERROR;
				CLANG_WARN_QUOTED_INCLUDE_IN_FRAMEWORK_HEADER = YES;
				CLANG_WARN_RANGE_LOOP_ANALYSIS = YES;
				CLANG_WARN_STRICT_PROTOTYPES = YES;
				CLANG_WARN_SUSPICIOUS_MOVE = YES;
				CLANG_WARN_UNGUARDED_AVAILABILITY = YES_AGGRESSIVE;
				CLANG_WARN_UNREACHABLE_CODE = YES;
				CLANG_WARN__DUPLICATE_METHOD_MATCH = YES;
				COPY_PHASE_STRIP = NO;
				DEBUG_INFORMATION_FORMAT = dwarf;
				ENABLE_STRICT_OBJC_MSGSEND = YES;
				ENABLE_TESTABILITY = YES;
				GCC_C_LANGUAGE_STANDARD = gnu11;
				GCC_DYNAMIC_NO_PIC = NO;
				GCC_NO_COMMON_BLOCKS = YES;
				GCC_OPTIMIZATION_LEVEL = 0;
				GCC_PREPROCESSOR_DEFINITIONS = (
					"DEBUG=1",
					"$(inherited)",
				);
				GCC_WARN_64_TO_32_BIT_CONVERSION = YES;
				GCC_WARN_ABOUT_RETURN_TYPE = YES_ERROR;
				GCC_WARN_UNDECLARED_SELECTOR = YES;
				GCC_WARN_UNINITIALIZED_AUTOS = YES_AGGRESSIVE;
				GCC_WARN_UNUSED_FUNCTION = YES;
				GCC_WARN_UNUSED_VARIABLE = YES;
				IPHONEOS_DEPLOYMENT_TARGET = 16.1;
				MTL_ENABLE_DEBUG_INFO = INCLUDE_SOURCE;
				MTL_FAST_MATH = YES;
				ONLY_ACTIVE_ARCH = YES;
				SDKROOT = iphoneos;
				SWIFT_ACTIVE_COMPILATION_CONDITIONS = DEBUG;
				SWIFT_OPTIMIZATION_LEVEL = "-Onone";
			};
			name = Debug;
		};
		367C2815299B5C6E003E81F2 /* Release */ = {
			isa = XCBuildConfiguration;
			buildSettings = {
				ALWAYS_SEARCH_USER_PATHS = NO;
				CLANG_ANALYZER_NONNULL = YES;
				CLANG_ANALYZER_NUMBER_OBJECT_CONVERSION = YES_AGGRESSIVE;
				CLANG_CXX_LANGUAGE_STANDARD = "gnu++20";
				CLANG_ENABLE_MODULES = YES;
				CLANG_ENABLE_OBJC_ARC = YES;
				CLANG_ENABLE_OBJC_WEAK = YES;
				CLANG_WARN_BLOCK_CAPTURE_AUTORELEASING = YES;
				CLANG_WARN_BOOL_CONVERSION = YES;
				CLANG_WARN_COMMA = YES;
				CLANG_WARN_CONSTANT_CONVERSION = YES;
				CLANG_WARN_DEPRECATED_OBJC_IMPLEMENTATIONS = YES;
				CLANG_WARN_DIRECT_OBJC_ISA_USAGE = YES_ERROR;
				CLANG_WARN_DOCUMENTATION_COMMENTS = YES;
				CLANG_WARN_EMPTY_BODY = YES;
				CLANG_WARN_ENUM_CONVERSION = YES;
				CLANG_WARN_INFINITE_RECURSION = YES;
				CLANG_WARN_INT_CONVERSION = YES;
				CLANG_WARN_NON_LITERAL_NULL_CONVERSION = YES;
				CLANG_WARN_OBJC_IMPLICIT_RETAIN_SELF = YES;
				CLANG_WARN_OBJC_LITERAL_CONVERSION = YES;
				CLANG_WARN_OBJC_ROOT_CLASS = YES_ERROR;
				CLANG_WARN_QUOTED_INCLUDE_IN_FRAMEWORK_HEADER = YES;
				CLANG_WARN_RANGE_LOOP_ANALYSIS = YES;
				CLANG_WARN_STRICT_PROTOTYPES = YES;
				CLANG_WARN_SUSPICIOUS_MOVE = YES;
				CLANG_WARN_UNGUARDED_AVAILABILITY = YES_AGGRESSIVE;
				CLANG_WARN_UNREACHABLE_CODE = YES;
				CLANG_WARN__DUPLICATE_METHOD_MATCH = YES;
				COPY_PHASE_STRIP = NO;
				DEBUG_INFORMATION_FORMAT = "dwarf-with-dsym";
				ENABLE_NS_ASSERTIONS = NO;
				ENABLE_STRICT_OBJC_MSGSEND = YES;
				GCC_C_LANGUAGE_STANDARD = gnu11;
				GCC_NO_COMMON_BLOCKS = YES;
				GCC_WARN_64_TO_32_BIT_CONVERSION = YES;
				GCC_WARN_ABOUT_RETURN_TYPE = YES_ERROR;
				GCC_WARN_UNDECLARED_SELECTOR = YES;
				GCC_WARN_UNINITIALIZED_AUTOS = YES_AGGRESSIVE;
				GCC_WARN_UNUSED_FUNCTION = YES;
				GCC_WARN_UNUSED_VARIABLE = YES;
				IPHONEOS_DEPLOYMENT_TARGET = 16.1;
				MTL_ENABLE_DEBUG_INFO = NO;
				MTL_FAST_MATH = YES;
				SDKROOT = iphoneos;
				SWIFT_COMPILATION_MODE = wholemodule;
				SWIFT_OPTIMIZATION_LEVEL = "-O";
				VALIDATE_PRODUCT = YES;
			};
			name = Release;
		};
		367C2817299B5C6E003E81F2 /* Debug */ = {
			isa = XCBuildConfiguration;
			buildSettings = {
				ASSETCATALOG_COMPILER_APPICON_NAME = AppIcon;
				ASSETCATALOG_COMPILER_GLOBAL_ACCENT_COLOR_NAME = AccentColor;
				CODE_SIGN_STYLE = Automatic;
				CURRENT_PROJECT_VERSION = 1;
				DEVELOPMENT_ASSET_PATHS = "\"ChatAppDemo/Preview Content\"";
				DEVELOPMENT_TEAM = N7U2DC3WBS;
				ENABLE_PREVIEWS = YES;
				GENERATE_INFOPLIST_FILE = YES;
				INFOPLIST_KEY_UIApplicationSceneManifest_Generation = YES;
				INFOPLIST_KEY_UIApplicationSupportsIndirectInputEvents = YES;
				INFOPLIST_KEY_UILaunchScreen_Generation = YES;
				INFOPLIST_KEY_UISupportedInterfaceOrientations_iPad = "UIInterfaceOrientationPortrait UIInterfaceOrientationPortraitUpsideDown UIInterfaceOrientationLandscapeLeft UIInterfaceOrientationLandscapeRight";
				INFOPLIST_KEY_UISupportedInterfaceOrientations_iPhone = "UIInterfaceOrientationPortrait UIInterfaceOrientationLandscapeLeft UIInterfaceOrientationLandscapeRight";
				LD_RUNPATH_SEARCH_PATHS = (
					"$(inherited)",
					"@executable_path/Frameworks",
				);
				MARKETING_VERSION = 1.0;
				PRODUCT_BUNDLE_IDENTIFIER = "com.-ChatAppDemo.ChatAppDemo";
				PRODUCT_NAME = "$(TARGET_NAME)";
				SWIFT_EMIT_LOC_STRINGS = YES;
				SWIFT_VERSION = 5.0;
				TARGETED_DEVICE_FAMILY = "1,2";
			};
			name = Debug;
		};
		367C2818299B5C6E003E81F2 /* Release */ = {
			isa = XCBuildConfiguration;
			buildSettings = {
				ASSETCATALOG_COMPILER_APPICON_NAME = AppIcon;
				ASSETCATALOG_COMPILER_GLOBAL_ACCENT_COLOR_NAME = AccentColor;
				CODE_SIGN_STYLE = Automatic;
				CURRENT_PROJECT_VERSION = 1;
				DEVELOPMENT_ASSET_PATHS = "\"ChatAppDemo/Preview Content\"";
				DEVELOPMENT_TEAM = N7U2DC3WBS;
				ENABLE_PREVIEWS = YES;
				GENERATE_INFOPLIST_FILE = YES;
				INFOPLIST_KEY_UIApplicationSceneManifest_Generation = YES;
				INFOPLIST_KEY_UIApplicationSupportsIndirectInputEvents = YES;
				INFOPLIST_KEY_UILaunchScreen_Generation = YES;
				INFOPLIST_KEY_UISupportedInterfaceOrientations_iPad = "UIInterfaceOrientationPortrait UIInterfaceOrientationPortraitUpsideDown UIInterfaceOrientationLandscapeLeft UIInterfaceOrientationLandscapeRight";
				INFOPLIST_KEY_UISupportedInterfaceOrientations_iPhone = "UIInterfaceOrientationPortrait UIInterfaceOrientationLandscapeLeft UIInterfaceOrientationLandscapeRight";
				LD_RUNPATH_SEARCH_PATHS = (
					"$(inherited)",
					"@executable_path/Frameworks",
				);
				MARKETING_VERSION = 1.0;
				PRODUCT_BUNDLE_IDENTIFIER = "com.-ChatAppDemo.ChatAppDemo";
				PRODUCT_NAME = "$(TARGET_NAME)";
				SWIFT_EMIT_LOC_STRINGS = YES;
				SWIFT_VERSION = 5.0;
				TARGETED_DEVICE_FAMILY = "1,2";
			};
			name = Release;
		};
		367C281A299B5C6E003E81F2 /* Debug */ = {
			isa = XCBuildConfiguration;
			buildSettings = {
				ALWAYS_EMBED_SWIFT_STANDARD_LIBRARIES = YES;
				BUNDLE_LOADER = "$(TEST_HOST)";
				CODE_SIGN_STYLE = Automatic;
				CURRENT_PROJECT_VERSION = 1;
				DEVELOPMENT_TEAM = N7U2DC3WBS;
				GENERATE_INFOPLIST_FILE = YES;
				IPHONEOS_DEPLOYMENT_TARGET = 16.1;
				MARKETING_VERSION = 1.0;
				PRODUCT_BUNDLE_IDENTIFIER = "com.-ChatAppDemo.ChatAppDemoTests";
				PRODUCT_NAME = "$(TARGET_NAME)";
				SWIFT_EMIT_LOC_STRINGS = NO;
				SWIFT_VERSION = 5.0;
				TARGETED_DEVICE_FAMILY = "1,2";
				TEST_HOST = "$(BUILT_PRODUCTS_DIR)/ChatAppDemo.app/$(BUNDLE_EXECUTABLE_FOLDER_PATH)/ChatAppDemo";
			};
			name = Debug;
		};
		367C281B299B5C6E003E81F2 /* Release */ = {
			isa = XCBuildConfiguration;
			buildSettings = {
				ALWAYS_EMBED_SWIFT_STANDARD_LIBRARIES = YES;
				BUNDLE_LOADER = "$(TEST_HOST)";
				CODE_SIGN_STYLE = Automatic;
				CURRENT_PROJECT_VERSION = 1;
				DEVELOPMENT_TEAM = N7U2DC3WBS;
				GENERATE_INFOPLIST_FILE = YES;
				IPHONEOS_DEPLOYMENT_TARGET = 16.1;
				MARKETING_VERSION = 1.0;
				PRODUCT_BUNDLE_IDENTIFIER = "com.-ChatAppDemo.ChatAppDemoTests";
				PRODUCT_NAME = "$(TARGET_NAME)";
				SWIFT_EMIT_LOC_STRINGS = NO;
				SWIFT_VERSION = 5.0;
				TARGETED_DEVICE_FAMILY = "1,2";
				TEST_HOST = "$(BUILT_PRODUCTS_DIR)/ChatAppDemo.app/$(BUNDLE_EXECUTABLE_FOLDER_PATH)/ChatAppDemo";
			};
			name = Release;
		};
		367C281D299B5C6E003E81F2 /* Debug */ = {
			isa = XCBuildConfiguration;
			buildSettings = {
				ALWAYS_EMBED_SWIFT_STANDARD_LIBRARIES = YES;
				CODE_SIGN_STYLE = Automatic;
				CURRENT_PROJECT_VERSION = 1;
				DEVELOPMENT_TEAM = N7U2DC3WBS;
				GENERATE_INFOPLIST_FILE = YES;
				MARKETING_VERSION = 1.0;
				PRODUCT_BUNDLE_IDENTIFIER = "com.-ChatAppDemo.ChatAppDemoUITests";
				PRODUCT_NAME = "$(TARGET_NAME)";
				SWIFT_EMIT_LOC_STRINGS = NO;
				SWIFT_VERSION = 5.0;
				TARGETED_DEVICE_FAMILY = "1,2";
				TEST_TARGET_NAME = ChatAppDemo;
			};
			name = Debug;
		};
		367C281E299B5C6E003E81F2 /* Release */ = {
			isa = XCBuildConfiguration;
			buildSettings = {
				ALWAYS_EMBED_SWIFT_STANDARD_LIBRARIES = YES;
				CODE_SIGN_STYLE = Automatic;
				CURRENT_PROJECT_VERSION = 1;
				DEVELOPMENT_TEAM = N7U2DC3WBS;
				GENERATE_INFOPLIST_FILE = YES;
				MARKETING_VERSION = 1.0;
				PRODUCT_BUNDLE_IDENTIFIER = "com.-ChatAppDemo.ChatAppDemoUITests";
				PRODUCT_NAME = "$(TARGET_NAME)";
				SWIFT_EMIT_LOC_STRINGS = NO;
				SWIFT_VERSION = 5.0;
				TARGETED_DEVICE_FAMILY = "1,2";
				TEST_TARGET_NAME = ChatAppDemo;
			};
			name = Release;
		};
/* End XCBuildConfiguration section */

/* Begin XCConfigurationList section */
		367C27ED299B5C6D003E81F2 /* Build configuration list for PBXProject "ChatAppDemo" */ = {
			isa = XCConfigurationList;
			buildConfigurations = (
				367C2814299B5C6E003E81F2 /* Debug */,
				367C2815299B5C6E003E81F2 /* Release */,
			);
			defaultConfigurationIsVisible = 0;
			defaultConfigurationName = Release;
		};
		367C2816299B5C6E003E81F2 /* Build configuration list for PBXNativeTarget "ChatAppDemo" */ = {
			isa = XCConfigurationList;
			buildConfigurations = (
				367C2817299B5C6E003E81F2 /* Debug */,
				367C2818299B5C6E003E81F2 /* Release */,
			);
			defaultConfigurationIsVisible = 0;
			defaultConfigurationName = Release;
		};
		367C2819299B5C6E003E81F2 /* Build configuration list for PBXNativeTarget "ChatAppDemoTests" */ = {
			isa = XCConfigurationList;
			buildConfigurations = (
				367C281A299B5C6E003E81F2 /* Debug */,
				367C281B299B5C6E003E81F2 /* Release */,
			);
			defaultConfigurationIsVisible = 0;
			defaultConfigurationName = Release;
		};
		367C281C299B5C6E003E81F2 /* Build configuration list for PBXNativeTarget "ChatAppDemoUITests" */ = {
			isa = XCConfigurationList;
			buildConfigurations = (
				367C281D299B5C6E003E81F2 /* Debug */,
				367C281E299B5C6E003E81F2 /* Release */,
			);
			defaultConfigurationIsVisible = 0;
			defaultConfigurationName = Release;
		};
/* End XCConfigurationList section */

/* Begin XCRemoteSwiftPackageReference section */
		367C281F299B660B003E81F2 /* XCRemoteSwiftPackageReference "sendbird-chat-sdk-ios" */ = {
			isa = XCRemoteSwiftPackageReference;
			repositoryURL = "https://github.com/sendbird/sendbird-chat-sdk-ios";
			requirement = {
				branch = master;
				kind = branch;
			};
		};
		3695A5A3299B818600D8AC84 /* XCRemoteSwiftPackageReference "Kingfisher" */ = {
			isa = XCRemoteSwiftPackageReference;
			repositoryURL = "https://github.com/onevcat/Kingfisher.git";
			requirement = {
				kind = upToNextMajorVersion;
				minimumVersion = 7.0.0;
			};
		};
/* End XCRemoteSwiftPackageReference section */

/* Begin XCSwiftPackageProductDependency section */
		367C2820299B660B003E81F2 /* SendbirdChatSDK */ = {
			isa = XCSwiftPackageProductDependency;
			package = 367C281F299B660B003E81F2 /* XCRemoteSwiftPackageReference "sendbird-chat-sdk-ios" */;
			productName = SendbirdChatSDK;
		};
		3695A5A4299B818600D8AC84 /* Kingfisher */ = {
			isa = XCSwiftPackageProductDependency;
			package = 3695A5A3299B818600D8AC84 /* XCRemoteSwiftPackageReference "Kingfisher" */;
			productName = Kingfisher;
		};
/* End XCSwiftPackageProductDependency section */
	};
	rootObject = 367C27EA299B5C6D003E81F2 /* Project object */;
}
